
Microsoft Visual Studio Solution File, Format Version 12.00
# Visual Studio Version 17
VisualStudioVersion = 17.14.37111.16
MinimumVisualStudioVersion = 10.0.40219.1
Project("{FAE04EC0-301F-11D3-BF4B-00C04F79EFBC}") = "WinForms Ex P-43", "WinForms Ex P-43\WinForms Ex P-43.csproj", "{C4C9D23E-4DCB-4917-A264-437DC7A73BD6}"
EndProject
Project("{FAE04EC0-301F-11D3-BF4B-00C04F79EFBC}") = "Timer demo", "Timer demo\Timer demo.csproj", "{7EEB8C2F-F701-4305-843D-4EA166246E49}"
EndProject
Project("{FAE04EC0-301F-11D3-BF4B-00C04F79EFBC}") = "Listbox demo", "Listbox demo\Listbox demo.csproj", "{5EC2F479-F999-4A80-AE1C-1F9EEB61AC0C}"
EndProject
Project("{FAE04EC0-301F-11D3-BF4B-00C04F79EFBC}") = "Chart Demo", "Chart Demo\Chart Demo.csproj", "{36F82C67-4985-4AFA-9B96-9298693D3136}"
EndProject
Project("{FAE04EC0-301F-11D3-BF4B-00C04F79EFBC}") = "ProgressBar demo", "ProgressBar demo\ProgressBar demo.csproj", "{DF1EB486-E2B8-48DA-B811-3BB88630758D}"
EndProject
Project("{FAE04EC0-301F-11D3-BF4B-00C04F79EFBC}") = "Combo Demo", "Combo Demo\Combo Demo.csproj", "{DC15AE50-B74C-4A6F-8CCF-A3A1C934026E}"
EndProject
Global
	GlobalSection(SolutionConfigurationPlatforms) = preSolution
		Debug|Any CPU = Debug|Any CPU
		Release|Any CPU = Release|Any CPU
	EndGlobalSection
	GlobalSection(ProjectConfigurationPlatforms) = postSolution
		{C4C9D23E-4DCB-4917-A264-437DC7A73BD6}.Debug|Any CPU.ActiveCfg = Debug|Any CPU
		{C4C9D23E-4DCB-4917-A264-437DC7A73BD6}.Debug|Any CPU.Build.0 = Debug|Any CPU
		{C4C9D23E-4DCB-4917-A264-437DC7A73BD6}.Release|Any CPU.ActiveCfg = Release|Any CPU
		{C4C9D23E-4DCB-4917-A264-437DC7A73BD6}.Release|Any CPU.Build.0 = Release|Any CPU
		{7EEB8C2F-F701-4305-843D-4EA166246E49}.Debug|Any CPU.ActiveCfg = Debug|Any CPU
		{7EEB8C2F-F701-4305-843D-4EA166246E49}.Debug|Any CPU.Build.0 = Debug|Any CPU
		{7EEB8C2F-F701-4305-843D-4EA166246E49}.Release|Any CPU.ActiveCfg = Release|Any CPU
		{7EEB8C2F-F701-4305-843D-4EA166246E49}.Release|Any CPU.Build.0 = Release|Any CPU
		{5EC2F479-F999-4A80-AE1C-1F9EEB61AC0C}.Debug|Any CPU.ActiveCfg = Debug|Any CPU
		{5EC2F479-F999-4A80-AE1C-1F9EEB61AC0C}.Debug|Any CPU.Build.0 = Debug|Any CPU
		{5EC2F479-F999-4A80-AE1C-1F9EEB61AC0C}.Release|Any CPU.ActiveCfg = Release|Any CPU
		{5EC2F479-F999-4A80-AE1C-1F9EEB61AC0C}.Release|Any CPU.Build.0 = Release|Any CPU
		{36F82C67-4985-4AFA-9B96-9298693D3136}.Debug|Any CPU.ActiveCfg = Debug|Any CPU
		{36F82C67-4985-4AFA-9B96-9298693D3136}.Debug|Any CPU.Build.0 = Debug|Any CPU
		{36F82C67-4985-4AFA-9B96-9298693D3136}.Release|Any CPU.ActiveCfg = Release|Any CPU
		{36F82C67-4985-4AFA-9B96-9298693D3136}.Release|Any CPU.Build.0 = Release|Any CPU
		{DF1EB486-E2B8-48DA-B811-3BB88630758D}.Debug|Any CPU.ActiveCfg = Debug|Any CPU
		{DF1EB486-E2B8-48DA-B811-3BB88630758D}.Debug|Any CPU.Build.0 = Debug|Any CPU
		{DF1EB486-E2B8-48DA-B811-3BB88630758D}.Release|Any CPU.ActiveCfg = Release|Any CPU
		{DF1EB486-E2B8-48DA-B811-3BB88630758D}.Release|Any CPU.Build.0 = Release|Any CPU
		{DC15AE50-B74C-4A6F-8CCF-A3A1C934026E}.Debug|Any CPU.ActiveCfg = Debug|Any CPU
		{DC15AE50-B74C-4A6F-8CCF-A3A1C934026E}.Debug|Any CPU.Build.0 = Debug|Any CPU
		{DC15AE50-B74C-4A6F-8CCF-A3A1C934026E}.Release|Any CPU.ActiveCfg = Release|Any CPU
		{DC15AE50-B74C-4A6F-8CCF-A3A1C934026E}.Release|Any CPU.Build.0 = Release|Any CPU
	EndGlobalSection
	GlobalSection(SolutionProperties) = preSolution
		HideSolutionNode = FALSE
	EndGlobalSection
	GlobalSection(ExtensibilityGlobals) = postSolution
		SolutionGuid = {241B5127-55DF-4FA2-8C87-982F7D2C8525}
	EndGlobalSection
EndGlobal
